
Microsoft Visual Studio Solution File, Format Version 12.00
# Visual Studio Version 16
VisualStudioVersion = 16.0.30503.244
MinimumVisualStudioVersion = 10.0.40219.1
Project("{9A19103F-16F7-4668-BE54-9A1E7A4F7556}") = "Portfolio.Common", "Portfolio.Common\Portfolio.Common.csproj", "{F4834C7A-29B0-425B-93BC-B0E7DA75D7BB}"
EndProject
Project("{9A19103F-16F7-4668-BE54-9A1E7A4F7556}") = "Portfolio.Core", "Portfolio.Core\Portfolio.Core.csproj", "{402BE7C2-3EDA-4AEA-B7B9-6431A19DB42C}"
EndProject
Project("{9A19103F-16F7-4668-BE54-9A1E7A4F7556}") = "Portfolio.Common.Api", "Portfolio.Common.Api\Portfolio.Common.Api.csproj", "{22D03D13-4EAA-4F58-8341-9F7AD72F0100}"
EndProject
Project("{9A19103F-16F7-4668-BE54-9A1E7A4F7556}") = "Portfolio.Common.Api.Tests", "Portfolio.Common.Api.Tests\Portfolio.Common.Api.Tests.csproj", "{973DDB32-DBF4-4679-AD1F-09724D80077A}"
EndProject
Project("{9A19103F-16F7-4668-BE54-9A1E7A4F7556}") = "Portfolio.FrontOffice", "Portfolio.FrontOffice\Portfolio.FrontOffice.csproj", "{3749D162-E003-446A-8AEE-2FDD7986CE4D}"
EndProject
Project("{E53339B2-1760-4266-BCC7-CA923CBCF16C}") = "docker-compose", "docker-compose.dcproj", "{20549309-680F-44A5-8814-783CD7626D38}"
EndProject
Project("{FAE04EC0-301F-11D3-BF4B-00C04F79EFBC}") = "Portfolio.BusinessLogic", "Portfolio.BusinessLogic\Portfolio.BusinessLogic.csproj", "{2B4B5D34-107A-462B-BECF-E7E4E0A4C3F3}"
EndProject
Global
	GlobalSection(SolutionConfigurationPlatforms) = preSolution
		Debug|Any CPU = Debug|Any CPU
		Release|Any CPU = Release|Any CPU
	EndGlobalSection
	GlobalSection(ProjectConfigurationPlatforms) = postSolution
		{F4834C7A-29B0-425B-93BC-B0E7DA75D7BB}.Debug|Any CPU.ActiveCfg = Debug|Any CPU
		{F4834C7A-29B0-425B-93BC-B0E7DA75D7BB}.Debug|Any CPU.Build.0 = Debug|Any CPU
		{F4834C7A-29B0-425B-93BC-B0E7DA75D7BB}.Release|Any CPU.ActiveCfg = Release|Any CPU
		{F4834C7A-29B0-425B-93BC-B0E7DA75D7BB}.Release|Any CPU.Build.0 = Release|Any CPU
		{402BE7C2-3EDA-4AEA-B7B9-6431A19DB42C}.Debug|Any CPU.ActiveCfg = Debug|Any CPU
		{402BE7C2-3EDA-4AEA-B7B9-6431A19DB42C}.Debug|Any CPU.Build.0 = Debug|Any CPU
		{402BE7C2-3EDA-4AEA-B7B9-6431A19DB42C}.Release|Any CPU.ActiveCfg = Release|Any CPU
		{402BE7C2-3EDA-4AEA-B7B9-6431A19DB42C}.Release|Any CPU.Build.0 = Release|Any CPU
		{22D03D13-4EAA-4F58-8341-9F7AD72F0100}.Debug|Any CPU.ActiveCfg = Debug|Any CPU
		{22D03D13-4EAA-4F58-8341-9F7AD72F0100}.Debug|Any CPU.Build.0 = Debug|Any CPU
		{22D03D13-4EAA-4F58-8341-9F7AD72F0100}.Release|Any CPU.ActiveCfg = Release|Any CPU
		{22D03D13-4EAA-4F58-8341-9F7AD72F0100}.Release|Any CPU.Build.0 = Release|Any CPU
		{973DDB32-DBF4-4679-AD1F-09724D80077A}.Debug|Any CPU.ActiveCfg = Debug|Any CPU
		{973DDB32-DBF4-4679-AD1F-09724D80077A}.Debug|Any CPU.Build.0 = Debug|Any CPU
		{973DDB32-DBF4-4679-AD1F-09724D80077A}.Release|Any CPU.ActiveCfg = Release|Any CPU
		{973DDB32-DBF4-4679-AD1F-09724D80077A}.Release|Any CPU.Build.0 = Release|Any CPU
		{3749D162-E003-446A-8AEE-2FDD7986CE4D}.Debug|Any CPU.ActiveCfg = Debug|Any CPU
		{3749D162-E003-446A-8AEE-2FDD7986CE4D}.Debug|Any CPU.Build.0 = Debug|Any CPU
		{3749D162-E003-446A-8AEE-2FDD7986CE4D}.Release|Any CPU.ActiveCfg = Release|Any CPU
		{3749D162-E003-446A-8AEE-2FDD7986CE4D}.Release|Any CPU.Build.0 = Release|Any CPU
		{20549309-680F-44A5-8814-783CD7626D38}.Debug|Any CPU.ActiveCfg = Debug|Any CPU
		{20549309-680F-44A5-8814-783CD7626D38}.Debug|Any CPU.Build.0 = Debug|Any CPU
		{20549309-680F-44A5-8814-783CD7626D38}.Release|Any CPU.ActiveCfg = Release|Any CPU
		{20549309-680F-44A5-8814-783CD7626D38}.Release|Any CPU.Build.0 = Release|Any CPU
		{2B4B5D34-107A-462B-BECF-E7E4E0A4C3F3}.Debug|Any CPU.ActiveCfg = Debug|Any CPU
		{2B4B5D34-107A-462B-BECF-E7E4E0A4C3F3}.Debug|Any CPU.Build.0 = Debug|Any CPU
		{2B4B5D34-107A-462B-BECF-E7E4E0A4C3F3}.Release|Any CPU.ActiveCfg = Release|Any CPU
		{2B4B5D34-107A-462B-BECF-E7E4E0A4C3F3}.Release|Any CPU.Build.0 = Release|Any CPU
	EndGlobalSection
	GlobalSection(SolutionProperties) = preSolution
		HideSolutionNode = FALSE
	EndGlobalSection
	GlobalSection(ExtensibilityGlobals) = postSolution
		SolutionGuid = {D3F6160B-CDC8-4757-B75D-3EE35F01BFB0}
	EndGlobalSection
EndGlobal
