
Microsoft Visual Studio Solution File, Format Version 12.00
# Visual Studio Version 16
VisualStudioVersion = 16.0.30503.244
MinimumVisualStudioVersion = 10.0.40219.1
Project("{9A19103F-16F7-4668-BE54-9A1E7A4F7556}") = "Portfolio.FrontOffice.Web", "Portfolio.FrontOffice.Web\Portfolio.FrontOffice.Web.csproj", "{3F8BD548-BE4B-46AE-9D2E-2CD61B62DABF}"
EndProject
Project("{9A19103F-16F7-4668-BE54-9A1E7A4F7556}") = "Portfolio.Common", "Portfolio.Common\Portfolio.Common.csproj", "{F4834C7A-29B0-425B-93BC-B0E7DA75D7BB}"
EndProject
Project("{FAE04EC0-301F-11D3-BF4B-00C04F79EFBC}") = "Portfolio.Core", "Portfolio.Core\Portfolio.Core.csproj", "{402BE7C2-3EDA-4AEA-B7B9-6431A19DB42C}"
EndProject
Project("{FAE04EC0-301F-11D3-BF4B-00C04F79EFBC}") = "Portfolio.FrontOffice.Api", "Portfolio.FrontOffice.Api\Portfolio.FrontOffice.Api.csproj", "{34A36489-FC07-4C6B-A393-98758ED3AEED}"
EndProject
Project("{FAE04EC0-301F-11D3-BF4B-00C04F79EFBC}") = "Portfolio.FrontOffice.Common", "Portfolio.FrontOffice.Common\Portfolio.FrontOffice.Common.csproj", "{9BD10C22-2FF6-4D9F-A3ED-904F6B63790E}"
EndProject
Global
	GlobalSection(SolutionConfigurationPlatforms) = preSolution
		Debug|Any CPU = Debug|Any CPU
		Release|Any CPU = Release|Any CPU
	EndGlobalSection
	GlobalSection(ProjectConfigurationPlatforms) = postSolution
		{3F8BD548-BE4B-46AE-9D2E-2CD61B62DABF}.Debug|Any CPU.ActiveCfg = Debug|Any CPU
		{3F8BD548-BE4B-46AE-9D2E-2CD61B62DABF}.Debug|Any CPU.Build.0 = Debug|Any CPU
		{3F8BD548-BE4B-46AE-9D2E-2CD61B62DABF}.Release|Any CPU.ActiveCfg = Release|Any CPU
		{3F8BD548-BE4B-46AE-9D2E-2CD61B62DABF}.Release|Any CPU.Build.0 = Release|Any CPU
		{F4834C7A-29B0-425B-93BC-B0E7DA75D7BB}.Debug|Any CPU.ActiveCfg = Debug|Any CPU
		{F4834C7A-29B0-425B-93BC-B0E7DA75D7BB}.Debug|Any CPU.Build.0 = Debug|Any CPU
		{F4834C7A-29B0-425B-93BC-B0E7DA75D7BB}.Release|Any CPU.ActiveCfg = Release|Any CPU
		{F4834C7A-29B0-425B-93BC-B0E7DA75D7BB}.Release|Any CPU.Build.0 = Release|Any CPU
		{402BE7C2-3EDA-4AEA-B7B9-6431A19DB42C}.Debug|Any CPU.ActiveCfg = Debug|Any CPU
		{402BE7C2-3EDA-4AEA-B7B9-6431A19DB42C}.Debug|Any CPU.Build.0 = Debug|Any CPU
		{402BE7C2-3EDA-4AEA-B7B9-6431A19DB42C}.Release|Any CPU.ActiveCfg = Release|Any CPU
		{402BE7C2-3EDA-4AEA-B7B9-6431A19DB42C}.Release|Any CPU.Build.0 = Release|Any CPU
		{34A36489-FC07-4C6B-A393-98758ED3AEED}.Debug|Any CPU.ActiveCfg = Debug|Any CPU
		{34A36489-FC07-4C6B-A393-98758ED3AEED}.Debug|Any CPU.Build.0 = Debug|Any CPU
		{34A36489-FC07-4C6B-A393-98758ED3AEED}.Release|Any CPU.ActiveCfg = Release|Any CPU
		{34A36489-FC07-4C6B-A393-98758ED3AEED}.Release|Any CPU.Build.0 = Release|Any CPU
		{9BD10C22-2FF6-4D9F-A3ED-904F6B63790E}.Debug|Any CPU.ActiveCfg = Debug|Any CPU
		{9BD10C22-2FF6-4D9F-A3ED-904F6B63790E}.Debug|Any CPU.Build.0 = Debug|Any CPU
		{9BD10C22-2FF6-4D9F-A3ED-904F6B63790E}.Release|Any CPU.ActiveCfg = Release|Any CPU
		{9BD10C22-2FF6-4D9F-A3ED-904F6B63790E}.Release|Any CPU.Build.0 = Release|Any CPU
	EndGlobalSection
	GlobalSection(SolutionProperties) = preSolution
		HideSolutionNode = FALSE
	EndGlobalSection
	GlobalSection(ExtensibilityGlobals) = postSolution
		SolutionGuid = {D3F6160B-CDC8-4757-B75D-3EE35F01BFB0}
	EndGlobalSection
EndGlobal
